# This file is automatically @generated by Cargo.
# It is not intended for manual editing.
version = 4

[[package]]
name = "app-core"
version = "0.1.0"

[[package]]
name = "ffmpeg-decoder"
version = "0.1.0"

[[package]]
name = "plugin-manager"
version = "0.1.0"

[[package]]
name = "symphonia-decoder"
version = "0.1.0"

[[package]]
name = "ui-bridge"
version = "0.1.0"
